
Microsoft Visual Studio Solution File, Format Version 12.00
# Visual Studio 15
VisualStudioVersion = 15.0.27130.2027
MinimumVisualStudioVersion = 10.0.40219.1
Project("{FAE04EC0-301F-11D3-BF4B-00C04F79EFBC}") = "WS-Soap-Velib", "WS-Soap-Velib\WS-Soap-Velib.csproj", "{F45A69CF-2513-482F-B89C-D6BFEBB015ED}"
EndProject
Global
	GlobalSection(SolutionConfigurationPlatforms) = preSolution
		Debug|Any CPU = Debug|Any CPU
		Release|Any CPU = Release|Any CPU
	EndGlobalSection
	GlobalSection(ProjectConfigurationPlatforms) = postSolution
		{F45A69CF-2513-482F-B89C-D6BFEBB015ED}.Debug|Any CPU.ActiveCfg = Debug|Any CPU
		{F45A69CF-2513-482F-B89C-D6BFEBB015ED}.Debug|Any CPU.Build.0 = Debug|Any CPU
		{F45A69CF-2513-482F-B89C-D6BFEBB015ED}.Release|Any CPU.ActiveCfg = Release|Any CPU
		{F45A69CF-2513-482F-B89C-D6BFEBB015ED}.Release|Any CPU.Build.0 = Release|Any CPU
	EndGlobalSection
	GlobalSection(SolutionProperties) = preSolution
		HideSolutionNode = FALSE
	EndGlobalSection
	GlobalSection(ExtensibilityGlobals) = postSolution
		SolutionGuid = {11B36508-3A4B-4087-92B1-739BE3A0DB7C}
	EndGlobalSection
EndGlobal
